<Solution>
  <Folder Name="/src/">
    <Project Path="src/LocalRag.Application/LocalRag.Application.csproj" />
    <Project Path="src/LocalRag.Cli/LocalRag.Cli.csproj" />
    <Project Path="src/LocalRag.Infrastructure.Ollama/LocalRag.Infrastructure.Ollama.csproj" />
    <Project Path="src/LocalRag.Infrastructure.Qdrant/LocalRag.Infrastructure.Qdrant.csproj" />
    <Project Path="src/LocalRag.Ingestion/LocalRag.Ingestion.csproj" />
    <Project Path="src/LocalRag.Retrieval/LocalRag.Retrieval.csproj" />
  </Folder>
  <Folder Name="/tests/">
    <Project Path="tests/LocalRag.Application.Tests/LocalRag.Application.Tests.csproj" />
    <Project Path="tests/LocalRag.Ingestion.Tests/LocalRag.Ingestion.Tests.csproj" />
    <Project Path="tests/LocalRag.Retrieval.Tests/LocalRag.Retrieval.Tests.csproj" />
  </Folder>
</Solution>
